
Microsoft Visual Studio Solution File, Format Version 12.00
# Visual Studio Version 16
VisualStudioVersion = 16.0.31112.23
MinimumVisualStudioVersion = 10.0.40219.1
Project("{FAE04EC0-301F-11D3-BF4B-00C04F79EFBC}") = "Gorodki2.0", "Gorodki2.0\Gorodki2.0.csproj", "{1D688B4E-BFDB-4371-A454-ABE26ACDA015}"
EndProject
Global
	GlobalSection(SolutionConfigurationPlatforms) = preSolution
		Debug|Any CPU = Debug|Any CPU
		Release|Any CPU = Release|Any CPU
	EndGlobalSection
	GlobalSection(ProjectConfigurationPlatforms) = postSolution
		{1D688B4E-BFDB-4371-A454-ABE26ACDA015}.Debug|Any CPU.ActiveCfg = Debug|Any CPU
		{1D688B4E-BFDB-4371-A454-ABE26ACDA015}.Debug|Any CPU.Build.0 = Debug|Any CPU
		{1D688B4E-BFDB-4371-A454-ABE26ACDA015}.Release|Any CPU.ActiveCfg = Release|Any CPU
		{1D688B4E-BFDB-4371-A454-ABE26ACDA015}.Release|Any CPU.Build.0 = Release|Any CPU
	EndGlobalSection
	GlobalSection(SolutionProperties) = preSolution
		HideSolutionNode = FALSE
	EndGlobalSection
	GlobalSection(ExtensibilityGlobals) = postSolution
		SolutionGuid = {C9B41AB1-D88A-4ACD-A41A-0A77568B46E4}
	EndGlobalSection
EndGlobal
